github.com/davecgh/go-spew v1.1.1 h1:vj9j/u1bqnvCEfJOwUhtlOARqs3+rkHYY13jYWTU97c=
github.com/loveleshsharma/gohive v0.0.0-20231119054340-f98e85308c6f h1:P9NyoiFu6mB37AFQ2EHEAb8LFzp+ZxytxUBzfRq3yBo=
github.com/loveleshsharma/gohive v0.0.0-20231119054340-f98e85308c6f/go.mod h1:QCxR3J4zfkFHeKM8yeIp72nAx0HNwgP7mGXCq2RjkaU=
github.com/pmezard/go-difflib v1.0.0 h1:4DBwDE0NGyQoBHbLQYPwSUPoCMWR5BEzIk/f1lZbAQM=
github.com/stretchr/testify v1.8.4 h1:CcVxjf3Q8PM0mHUKJCdn+eZZtm5yQwehR5yeSVQQcUk=
gopkg.in/yaml.v3 v3.0.1 h1:fxVm/GzAzEWqLHuvctI91KS9hhNmmWOoWu0XTYJS7CA=
